
Microsoft Visual Studio Solution File, Format Version 12.00
# Visual Studio Version 16
VisualStudioVersion = 16.0.29728.190
MinimumVisualStudioVersion = 10.0.40219.1
Project("{FAE04EC0-301F-11D3-BF4B-00C04F79EFBC}") = "WebApplication3", "WebApplication3\WebApplication3.csproj", "{472A1D11-0FC1-4FD5-83C8-532402412FA8}"
EndProject
Global
	GlobalSection(SolutionConfigurationPlatforms) = preSolution
		Debug|Any CPU = Debug|Any CPU
		Release|Any CPU = Release|Any CPU
	EndGlobalSection
	GlobalSection(ProjectConfigurationPlatforms) = postSolution
		{472A1D11-0FC1-4FD5-83C8-532402412FA8}.Debug|Any CPU.ActiveCfg = Debug|Any CPU
		{472A1D11-0FC1-4FD5-83C8-532402412FA8}.Debug|Any CPU.Build.0 = Debug|Any CPU
		{472A1D11-0FC1-4FD5-83C8-532402412FA8}.Release|Any CPU.ActiveCfg = Release|Any CPU
		{472A1D11-0FC1-4FD5-83C8-532402412FA8}.Release|Any CPU.Build.0 = Release|Any CPU
	EndGlobalSection
	GlobalSection(SolutionProperties) = preSolution
		HideSolutionNode = FALSE
	EndGlobalSection
	GlobalSection(ExtensibilityGlobals) = postSolution
		SolutionGuid = {3D3ED4F9-6345-47D1-B2EB-BA063F80FDA2}
	EndGlobalSection
EndGlobal
