
Microsoft Visual Studio Solution File, Format Version 12.00
# Visual Studio Version 16
VisualStudioVersion = 16.0.29709.97
MinimumVisualStudioVersion = 10.0.40219.1
Project("{FAE04EC0-301F-11D3-BF4B-00C04F79EFBC}") = "IntroShop", "IntroShop\IntroShop.csproj", "{1822C2AB-CBBE-4453-BE23-F0B11D726C2B}"
EndProject
Global
	GlobalSection(SolutionConfigurationPlatforms) = preSolution
		Debug|Any CPU = Debug|Any CPU
		Release|Any CPU = Release|Any CPU
	EndGlobalSection
	GlobalSection(ProjectConfigurationPlatforms) = postSolution
		{1822C2AB-CBBE-4453-BE23-F0B11D726C2B}.Debug|Any CPU.ActiveCfg = Debug|Any CPU
		{1822C2AB-CBBE-4453-BE23-F0B11D726C2B}.Debug|Any CPU.Build.0 = Debug|Any CPU
		{1822C2AB-CBBE-4453-BE23-F0B11D726C2B}.Release|Any CPU.ActiveCfg = Release|Any CPU
		{1822C2AB-CBBE-4453-BE23-F0B11D726C2B}.Release|Any CPU.Build.0 = Release|Any CPU
	EndGlobalSection
	GlobalSection(SolutionProperties) = preSolution
		HideSolutionNode = FALSE
	EndGlobalSection
	GlobalSection(ExtensibilityGlobals) = postSolution
		SolutionGuid = {D747398C-4BBA-4474-B9E2-D32193F9D75F}
	EndGlobalSection
EndGlobal
